
Microsoft Visual Studio Solution File, Format Version 12.00
# Visual Studio 15
VisualStudioVersion = 15.0.28010.2026
MinimumVisualStudioVersion = 10.0.40219.1
Project("{FAE04EC0-301F-11D3-BF4B-00C04F79EFBC}") = "arif_compress", "arif_compress\arif_compress.csproj", "{E7712FA0-7BDE-4718-A2A5-7DB6E602EBCD}"
EndProject
Global
	GlobalSection(SolutionConfigurationPlatforms) = preSolution
		Debug|Any CPU = Debug|Any CPU
		Release|Any CPU = Release|Any CPU
	EndGlobalSection
	GlobalSection(ProjectConfigurationPlatforms) = postSolution
		{E7712FA0-7BDE-4718-A2A5-7DB6E602EBCD}.Debug|Any CPU.ActiveCfg = Debug|Any CPU
		{E7712FA0-7BDE-4718-A2A5-7DB6E602EBCD}.Debug|Any CPU.Build.0 = Debug|Any CPU
		{E7712FA0-7BDE-4718-A2A5-7DB6E602EBCD}.Release|Any CPU.ActiveCfg = Release|Any CPU
		{E7712FA0-7BDE-4718-A2A5-7DB6E602EBCD}.Release|Any CPU.Build.0 = Release|Any CPU
	EndGlobalSection
	GlobalSection(SolutionProperties) = preSolution
		HideSolutionNode = FALSE
	EndGlobalSection
	GlobalSection(ExtensibilityGlobals) = postSolution
		SolutionGuid = {CD6AAE3F-9802-4DEE-B95F-830201D01079}
	EndGlobalSection
EndGlobal
